Microsoft Visual Studio Solution File, Format Version 12.00
# Visual Studio Version 17
VisualStudioVersion = 17.10.35013.160
MinimumVisualStudioVersion = 10.0.40219.1
Project("{9A19103F-16F7-4668-BE54-9A1E7A4F7556}") = "Upload.API", "Upload.API\Upload.API.csproj", "{9A530FA1-D239-4E2F-8CA6-52CFB490B04A}"
EndProject
Project("{9A19103F-16F7-4668-BE54-9A1E7A4F7556}") = "Upload.Infrastructure", "Upload.Infrastructure\Upload.Infrastructure.csproj", "{79DDF58D-47CC-4DE0-99F4-FB2A60C56736}"
EndProject
Project("{9A19103F-16F7-4668-BE54-9A1E7A4F7556}") = "Upload.Domain", "Upload.Domain\Upload.Domain.csproj", "{B2530FA1-D239-4E2F-8CA6-52CFB490B04B}"
EndProject
Project("{9A19103F-16F7-4668-BE54-9A1E7A4F7556}") = "Upload.Application", "Upload.Application\Upload.Application.csproj", "{C2530FA1-D239-4E2F-8CA6-52CFB490B04C}"
EndProject
Project("{2150E333-8FDC-42A3-9474-1A3956D46DE8}") = "Solution Items", "Solution Items", "{EB5D4B15-8F8A-40D5-8AAC-954D0E8A6506}"
	ProjectSection(SolutionItems) = preProject
		.env = .env
	EndProjectSection
EndProject
Global
	GlobalSection(SolutionConfigurationPlatforms) = preSolution
		Debug|Any CPU = Debug|Any CPU
		Release|Any CPU = Release|Any CPU
	EndGlobalSection
	GlobalSection(ProjectConfigurationPlatforms) = postSolution
		{9A530FA1-D239-4E2F-8CA6-52CFB490B04A}.Debug|Any CPU.ActiveCfg = Debug|Any CPU
		{9A530FA1-D239-4E2F-8CA6-52CFB490B04A}.Debug|Any CPU.Build.0 = Debug|Any CPU
		{9A530FA1-D239-4E2F-8CA6-52CFB490B04A}.Release|Any CPU.ActiveCfg = Release|Any CPU
		{9A530FA1-D239-4E2F-8CA6-52CFB490B04A}.Release|Any CPU.Build.0 = Release|Any CPU
		{79DDF58D-47CC-4DE0-99F4-FB2A60C56736}.Debug|Any CPU.ActiveCfg = Debug|Any CPU
		{79DDF58D-47CC-4DE0-99F4-FB2A60C56736}.Debug|Any CPU.Build.0 = Debug|Any CPU
		{79DDF58D-47CC-4DE0-99F4-FB2A60C56736}.Release|Any CPU.ActiveCfg = Release|Any CPU
		{79DDF58D-47CC-4DE0-99F4-FB2A60C56736}.Release|Any CPU.Build.0 = Release|Any CPU
		{B2530FA1-D239-4E2F-8CA6-52CFB490B04B}.Debug|Any CPU.ActiveCfg = Debug|Any CPU
		{B2530FA1-D239-4E2F-8CA6-52CFB490B04B}.Debug|Any CPU.Build.0 = Debug|Any CPU
		{B2530FA1-D239-4E2F-8CA6-52CFB490B04B}.Release|Any CPU.ActiveCfg = Release|Any CPU
		{B2530FA1-D239-4E2F-8CA6-52CFB490B04B}.Release|Any CPU.Build.0 = Release|Any CPU
		{C2530FA1-D239-4E2F-8CA6-52CFB490B04C}.Debug|Any CPU.ActiveCfg = Debug|Any CPU
		{C2530FA1-D239-4E2F-8CA6-52CFB490B04C}.Debug|Any CPU.Build.0 = Debug|Any CPU
		{C2530FA1-D239-4E2F-8CA6-52CFB490B04C}.Release|Any CPU.ActiveCfg = Release|Any CPU
		{C2530FA1-D239-4E2F-8CA6-52CFB490B04C}.Release|Any CPU.Build.0 = Release|Any CPU
	EndGlobalSection
	GlobalSection(SolutionProperties) = preSolution
		HideSolutionNode = FALSE
	EndGlobalSection
	GlobalSection(ExtensibilityGlobals) = postSolution
		SolutionGuid = {D9689028-4EBF-4796-AE10-2D42FC3DBAD6}
	EndGlobalSection
EndGlobal
